
Microsoft Visual Studio Solution File, Format Version 12.00
# Visual Studio 15
VisualStudioVersion = 15.0.28307.645
MinimumVisualStudioVersion = 10.0.40219.1
Project("{FAE04EC0-301F-11D3-BF4B-00C04F79EFBC}") = "MyWinApp", "MyWinApp\MyWinApp.csproj", "{18A86EBB-02F2-4C7A-9024-1AD3732AA33A}"
EndProject
Global
	GlobalSection(SolutionConfigurationPlatforms) = preSolution
		Debug|Any CPU = Debug|Any CPU
		Release|Any CPU = Release|Any CPU
	EndGlobalSection
	GlobalSection(ProjectConfigurationPlatforms) = postSolution
		{18A86EBB-02F2-4C7A-9024-1AD3732AA33A}.Debug|Any CPU.ActiveCfg = Debug|Any CPU
		{18A86EBB-02F2-4C7A-9024-1AD3732AA33A}.Debug|Any CPU.Build.0 = Debug|Any CPU
		{18A86EBB-02F2-4C7A-9024-1AD3732AA33A}.Release|Any CPU.ActiveCfg = Release|Any CPU
		{18A86EBB-02F2-4C7A-9024-1AD3732AA33A}.Release|Any CPU.Build.0 = Release|Any CPU
	EndGlobalSection
	GlobalSection(SolutionProperties) = preSolution
		HideSolutionNode = FALSE
	EndGlobalSection
	GlobalSection(ExtensibilityGlobals) = postSolution
		SolutionGuid = {D78F2CD8-CB03-470C-8FB9-49B8CB677BA6}
	EndGlobalSection
EndGlobal
